
Microsoft Visual Studio Solution File, Format Version 12.00
# Visual Studio 15
VisualStudioVersion = 15.0.28307.1800
MinimumVisualStudioVersion = 10.0.40219.1
Project("{FAE04EC0-301F-11D3-BF4B-00C04F79EFBC}") = "ConnectDbToFrontend", "ConnectDbToFrontend\ConnectDbToFrontend.csproj", "{41645653-CECF-4124-B71E-0F4B71D923BC}"
EndProject
Global
	GlobalSection(SolutionConfigurationPlatforms) = preSolution
		Debug|Any CPU = Debug|Any CPU
		Release|Any CPU = Release|Any CPU
	EndGlobalSection
	GlobalSection(ProjectConfigurationPlatforms) = postSolution
		{41645653-CECF-4124-B71E-0F4B71D923BC}.Debug|Any CPU.ActiveCfg = Debug|Any CPU
		{41645653-CECF-4124-B71E-0F4B71D923BC}.Debug|Any CPU.Build.0 = Debug|Any CPU
		{41645653-CECF-4124-B71E-0F4B71D923BC}.Release|Any CPU.ActiveCfg = Release|Any CPU
		{41645653-CECF-4124-B71E-0F4B71D923BC}.Release|Any CPU.Build.0 = Release|Any CPU
	EndGlobalSection
	GlobalSection(SolutionProperties) = preSolution
		HideSolutionNode = FALSE
	EndGlobalSection
	GlobalSection(ExtensibilityGlobals) = postSolution
		SolutionGuid = {884092AD-B518-4CD9-8CC7-6563E902B8AF}
	EndGlobalSection
EndGlobal
